// !$*UTF8*$!
{
	archiveVersion = 1;
	classes = {
	};
	objectVersion = 46;
	objects = {

/* Begin PBXBuildFile section */
		EF037C941BF4BF4300E145C0 /* main.m in Sources */ = {isa = PBXBuildFile; fileRef = EF037C931BF4BF4300E145C0 /* main.m */; };
		EF037C971BF4BF4300E145C0 /* AppDelegate.m in Sources */ = {isa = PBXBuildFile; fileRef = EF037C961BF4BF4300E145C0 /* AppDelegate.m */; };
		EF037C9F1BF4BF4300E145C0 /* Images.xcassets in Resources */ = {isa = PBXBuildFile; fileRef = EF037C9E1BF4BF4300E145C0 /* Images.xcassets */; };
		EF037CAE1BF4BF4300E145C0 /* loginTests.m in Sources */ = {isa = PBXBuildFile; fileRef = EF037CAD1BF4BF4300E145C0 /* loginTests.m */; };
		EF037D8A1BF4C0E400E145C0 /* ALView+PureLayout.m in Sources */ = {isa = PBXBuildFile; fileRef = EF037D821BF4C0E400E145C0 /* ALView+PureLayout.m */; };
		EF037D8B1BF4C0E400E145C0 /* NSArray+PureLayout.m in Sources */ = {isa = PBXBuildFile; fileRef = EF037D841BF4C0E400E145C0 /* NSArray+PureLayout.m */; };
		EF037D8C1BF4C0E400E145C0 /* NSLayoutConstraint+PureLayout.m in Sources */ = {isa = PBXBuildFile; fileRef = EF037D861BF4C0E400E145C0 /* NSLayoutConstraint+PureLayout.m */; };
		EF037D8F1BF4C17400E145C0 /* loginViewController.m in Sources */ = {isa = PBXBuildFile; fileRef = EF037D8E1BF4C17400E145C0 /* loginViewController.m */; };
		EF037D921BF4C92700E145C0 /* backGroundView.m in Sources */ = {isa = PBXBuildFile; fileRef = EF037D911BF4C92700E145C0 /* backGroundView.m */; };
		EFD7F8E31BF4FAE40033B314 /* UITextField+loginTextField.m in Sources */ = {isa = PBXBuildFile; fileRef = EFD7F8E21BF4FAE40033B314 /* UITextField+loginTextField.m */; };
/* End PBXBuildFile section */

/* Begin PBXContainerItemProxy section */
		EF037CA81BF4BF4300E145C0 /* PBXContainerItemProxy */ = {
			isa = PBXContainerItemProxy;
			containerPortal = EF037C861BF4BF4300E145C0 /* Project object */;
			proxyType = 1;
			remoteGlobalIDString = EF037C8D1BF4BF4300E145C0;
			remoteInfo = login;
		};
/* End PBXContainerItemProxy section */

/* Begin PBXFileReference section */
		EF037C8E1BF4BF4300E145C0 /* login.app */ = {isa = PBXFileReference; explicitFileType = wrapper.application; includeInIndex = 0; path = login.app; sourceTree = BUILT_PRODUCTS_DIR; };
		EF037C921BF4BF4300E145C0 /* Info.plist */ = {isa = PBXFileReference; lastKnownFileType = text.plist.xml; path = Info.plist; sourceTree = "<group>"; };
		EF037C931BF4BF4300E145C0 /* main.m */ = {isa = PBXFileReference; lastKnownFileType = sourcecode.c.objc; path = main.m; sourceTree = "<group>"; };
		EF037C951BF4BF4300E145C0 /* AppDelegate.h */ = {isa = PBXFileReference; lastKnownFileType = sourcecode.c.h; path = AppDelegate.h; sourceTree = "<group>"; };
		EF037C961BF4BF4300E145C0 /* AppDelegate.m */ = {isa = PBXFileReference; lastKnownFileType = sourcecode.c.objc; path = AppDelegate.m; sourceTree = "<group>"; };
		EF037C9E1BF4BF4300E145C0 /* Images.xcassets */ = {isa = PBXFileReference; lastKnownFileType = folder.assetcatalog; path = Images.xcassets; sourceTree = "<group>"; };
		EF037CA71BF4BF4300E145C0 /* loginTests.xctest */ = {isa = PBXFileReference; explicitFileType = wrapper.cfbundle; includeInIndex = 0; path = loginTests.xctest; sourceTree = BUILT_PRODUCTS_DIR; };
		EF037CAC1BF4BF4300E145C0 /* Info.plist */ = {isa = PBXFileReference; lastKnownFileType = text.plist.xml; path = Info.plist; sourceTree = "<group>"; };
		EF037CAD1BF4BF4300E145C0 /* loginTests.m */ = {isa = PBXFileReference; lastKnownFileType = sourcecode.c.objc; path = loginTests.m; sourceTree = "<group>"; };
		EF037D811BF4C0E400E145C0 /* ALView+PureLayout.h */ = {isa = PBXFileReference; fileEncoding = 4; lastKnownFileType = sourcecode.c.h; path = "ALView+PureLayout.h"; sourceTree = "<group>"; };
		EF037D821BF4C0E400E145C0 /* ALView+PureLayout.m */ = {isa = PBXFileReference; fileEncoding = 4; lastKnownFileType = sourcecode.c.objc; path = "ALView+PureLayout.m"; sourceTree = "<group>"; };
		EF037D831BF4C0E400E145C0 /* NSArray+PureLayout.h */ = {isa = PBXFileReference; fileEncoding = 4; lastKnownFileType = sourcecode.c.h; path = "NSArray+PureLayout.h"; sourceTree = "<group>"; };
		EF037D841BF4C0E400E145C0 /* NSArray+PureLayout.m */ = {isa = PBXFileReference; fileEncoding = 4; lastKnownFileType = sourcecode.c.objc; path = "NSArray+PureLayout.m"; sourceTree = "<group>"; };
		EF037D851BF4C0E400E145C0 /* NSLayoutConstraint+PureLayout.h */ = {isa = PBXFileReference; fileEncoding = 4; lastKnownFileType = sourcecode.c.h; path = "NSLayoutConstraint+PureLayout.h"; sourceTree = "<group>"; };
		EF037D861BF4C0E400E145C0 /* NSLayoutConstraint+PureLayout.m */ = {isa = PBXFileReference; fileEncoding = 4; lastKnownFileType = sourcecode.c.objc; path = "NSLayoutConstraint+PureLayout.m"; sourceTree = "<group>"; };
		EF037D871BF4C0E400E145C0 /* PureLayout+Internal.h */ = {isa = PBXFileReference; fileEncoding = 4; lastKnownFileType = sourcecode.c.h; path = "PureLayout+Internal.h"; sourceTree = "<group>"; };
		EF037D881BF4C0E400E145C0 /* PureLayout.h */ = {isa = PBXFileReference; fileEncoding = 4; lastKnownFileType = sourcecode.c.h; path = PureLayout.h; sourceTree = "<group>"; };
		EF037D891BF4C0E400E145C0 /* PureLayoutDefines.h */ = {isa = PBXFileReference; fileEncoding = 4; lastKnownFileType = sourcecode.c.h; path = PureLayoutDefines.h; sourceTree = "<group>"; };
		EF037D8D1BF4C17400E145C0 /* loginViewController.h */ = {isa = PBXFileReference; fileEncoding = 4; lastKnownFileType = sourcecode.c.h; path = loginViewController.h; sourceTree = "<group>"; };
		EF037D8E1BF4C17400E145C0 /* loginViewController.m */ = {isa = PBXFileReference; fileEncoding = 4; lastKnownFileType = sourcecode.c.objc; path = loginViewController.m; sourceTree = "<group>"; };
		EF037D901BF4C92700E145C0 /* backGroundView.h */ = {isa = PBXFileReference; fileEncoding = 4; lastKnownFileType = sourcecode.c.h; path = backGroundView.h; sourceTree = "<group>"; };
		EF037D911BF4C92700E145C0 /* backGroundView.m */ = {isa = PBXFileReference; fileEncoding = 4; lastKnownFileType = sourcecode.c.objc; path = backGroundView.m; sourceTree = "<group>"; };
		EFD7F8E11BF4FAE40033B314 /* UITextField+loginTextField.h */ = {isa = PBXFileReference; fileEncoding = 4; lastKnownFileType = sourcecode.c.h; path = "UITextField+loginTextField.h"; sourceTree = "<group>"; };
		EFD7F8E21BF4FAE40033B314 /* UITextField+loginTextField.m */ = {isa = PBXFileReference; fileEncoding = 4; lastKnownFileType = sourcecode.c.objc; path = "UITextField+loginTextField.m"; sourceTree = "<group>"; };
/* End PBXFileReference section */

/* Begin PBXFrameworksBuildPhase section */
		EF037C8B1BF4BF4300E145C0 /* Frameworks */ = {
			isa = PBXFrameworksBuildPhase;
			buildActionMask = 2147483647;
			files = (
			);
			runOnlyForDeploymentPostprocessing = 0;
		};
		EF037CA41BF4BF4300E145C0 /* Frameworks */ = {
			isa = PBXFrameworksBuildPhase;
			buildActionMask = 2147483647;
			files = (
			);
			runOnlyForDeploymentPostprocessing = 0;
		};
/* End PBXFrameworksBuildPhase section */

/* Begin PBXGroup section */
		EF037C851BF4BF4300E145C0 = {
			isa = PBXGroup;
			children = (
				EF037D801BF4C0E400E145C0 /* PureLayout */,
				EF037C901BF4BF4300E145C0 /* login */,
				EF037CAA1BF4BF4300E145C0 /* loginTests */,
				EF037C8F1BF4BF4300E145C0 /* Products */,
			);
			sourceTree = "<group>";
		};
		EF037C8F1BF4BF4300E145C0 /* Products */ = {
			isa = PBXGroup;
			children = (
				EF037C8E1BF4BF4300E145C0 /* login.app */,
				EF037CA71BF4BF4300E145C0 /* loginTests.xctest */,
			);
			name = Products;
			sourceTree = "<group>";
		};
		EF037C901BF4BF4300E145C0 /* login */ = {
			isa = PBXGroup;
			children = (
				EF037C951BF4BF4300E145C0 /* AppDelegate.h */,
				EF037C961BF4BF4300E145C0 /* AppDelegate.m */,
				EF037D8D1BF4C17400E145C0 /* loginViewController.h */,
				EF037D8E1BF4C17400E145C0 /* loginViewController.m */,
				EF037D901BF4C92700E145C0 /* backGroundView.h */,
				EF037D911BF4C92700E145C0 /* backGroundView.m */,
				EFD7F8E11BF4FAE40033B314 /* UITextField+loginTextField.h */,
				EFD7F8E21BF4FAE40033B314 /* UITextField+loginTextField.m */,
				EF037C9E1BF4BF4300E145C0 /* Images.xcassets */,
				EF037C911BF4BF4300E145C0 /* Supporting Files */,
			);
			path = login;
			sourceTree = "<group>";
		};
		EF037C911BF4BF4300E145C0 /* Supporting Files */ = {
			isa = PBXGroup;
			children = (
				EF037C921BF4BF4300E145C0 /* Info.plist */,
				EF037C931BF4BF4300E145C0 /* main.m */,
			);
			name = "Supporting Files";
			sourceTree = "<group>";
		};
		EF037CAA1BF4BF4300E145C0 /* loginTests */ = {
			isa = PBXGroup;
			children = (
				EF037CAD1BF4BF4300E145C0 /* loginTests.m */,
				EF037CAB1BF4BF4300E145C0 /* Supporting Files */,
			);
			path = loginTests;
			sourceTree = "<group>";
		};
		EF037CAB1BF4BF4300E145C0 /* Supporting Files */ = {
			isa = PBXGroup;
			children = (
				EF037CAC1BF4BF4300E145C0 /* Info.plist */,
			);
			name = "Supporting Files";
			sourceTree = "<group>";
		};
		EF037D801BF4C0E400E145C0 /* PureLayout */ = {
			isa = PBXGroup;
			children = (
				EF037D811BF4C0E400E145C0 /* ALView+PureLayout.h */,
				EF037D821BF4C0E400E145C0 /* ALView+PureLayout.m */,
				EF037D831BF4C0E400E145C0 /* NSArray+PureLayout.h */,
				EF037D841BF4C0E400E145C0 /* NSArray+PureLayout.m */,
				EF037D851BF4C0E400E145C0 /* NSLayoutConstraint+PureLayout.h */,
				EF037D861BF4C0E400E145C0 /* NSLayoutConstraint+PureLayout.m */,
				EF037D871BF4C0E400E145C0 /* PureLayout+Internal.h */,
				EF037D881BF4C0E400E145C0 /* PureLayout.h */,
				EF037D891BF4C0E400E145C0 /* PureLayoutDefines.h */,
			);
			path = PureLayout;
			sourceTree = "<group>";
		};
/* End PBXGroup section */

/* Begin PBXNativeTarget section */
		EF037C8D1BF4BF4300E145C0 /* login */ = {
			isa = PBXNativeTarget;
			buildConfigurationList = EF037CB11BF4BF4300E145C0 /* Build configuration list for PBXNativeTarget "login" */;
			buildPhases = (
				EF037C8A1BF4BF4300E145C0 /* Sources */,
				EF037C8B1BF4BF4300E145C0 /* Frameworks */,
				EF037C8C1BF4BF4300E145C0 /* Resources */,
			);
			buildRules = (
			);
			dependencies = (
			);
			name = login;
			productName = login;
			productReference = EF037C8E1BF4BF4300E145C0 /* login.app */;
			productType = "com.apple.product-type.application";
		};
		EF037CA61BF4BF4300E145C0 /* loginTests */ = {
			isa = PBXNativeTarget;
			buildConfigurationList = EF037CB41BF4BF4300E145C0 /* Build configuration list for PBXNativeTarget "loginTests" */;
			buildPhases = (
				EF037CA31BF4BF4300E145C0 /* Sources */,
				EF037CA41BF4BF4300E145C0 /* Frameworks */,
				EF037CA51BF4BF4300E145C0 /* Resources */,
			);
			buildRules = (
			);
			dependencies = (
				EF037CA91BF4BF4300E145C0 /* PBXTargetDependency */,
			);
			name = loginTests;
			productName = loginTests;
			productReference = EF037CA71BF4BF4300E145C0 /* loginTests.xctest */;
			productType = "com.apple.product-type.bundle.unit-test";
		};
/* End PBXNativeTarget section */

/* Begin PBXProject section */
		EF037C861BF4BF4300E145C0 /* Project object */ = {
			isa = PBXProject;
			attributes = {
				LastUpgradeCheck = 0630;
				ORGANIZATIONNAME = chenliliang;
				TargetAttributes = {
					EF037C8D1BF4BF4300E145C0 = {
						CreatedOnToolsVersion = 6.3.2;
					};
					EF037CA61BF4BF4300E145C0 = {
						CreatedOnToolsVersion = 6.3.2;
						TestTargetID = EF037C8D1BF4BF4300E145C0;
					};
				};
			};
			buildConfigurationList = EF037C891BF4BF4300E145C0 /* Build configuration list for PBXProject "login" */;
			compatibilityVersion = "Xcode 3.2";
			developmentRegion = English;
			hasScannedForEncodings = 0;
			knownRegions = (
				en,
				Base,
				ar,
			);
			mainGroup = EF037C851BF4BF4300E145C0;
			productRefGroup = EF037C8F1BF4BF4300E145C0 /* Products */;
			projectDirPath = "";
			projectRoot = "";
			targets = (
				EF037C8D1BF4BF4300E145C0 /* login */,
				EF037CA61BF4BF4300E145C0 /* loginTests */,
			);
		};
/* End PBXProject section */

/* Begin PBXResourcesBuildPhase section */
		EF037C8C1BF4BF4300E145C0 /* Resources */ = {
			isa = PBXResourcesBuildPhase;
			buildActionMask = 2147483647;
			files = (
				EF037C9F1BF4BF4300E145C0 /* Images.xcassets in Resources */,
			);
			runOnlyForDeploymentPostprocessing = 0;
		};
		EF037CA51BF4BF4300E145C0 /* Resources */ = {
			isa = PBXResourcesBuildPhase;
			buildActionMask = 2147483647;
			files = (
			);
			runOnlyForDeploymentPostprocessing = 0;
		};
/* End PBXResourcesBuildPhase section */

/* Begin PBXSourcesBuildPhase section */
		EF037C8A1BF4BF4300E145C0 /* Sources */ = {
			isa = PBXSourcesBuildPhase;
			buildActionMask = 2147483647;
			files = (
				EF037C971BF4BF4300E145C0 /* AppDelegate.m in Sources */,
				EF037C941BF4BF4300E145C0 /* main.m in Sources */,
				EF037D8F1BF4C17400E145C0 /* loginViewController.m in Sources */,
				EFD7F8E31BF4FAE40033B314 /* UITextField+loginTextField.m in Sources */,
				EF037D8A1BF4C0E400E145C0 /* ALView+PureLayout.m in Sources */,
				EF037D8B1BF4C0E400E145C0 /* NSArray+PureLayout.m in Sources */,
				EF037D921BF4C92700E145C0 /* backGroundView.m in Sources */,
				EF037D8C1BF4C0E400E145C0 /* NSLayoutConstraint+PureLayout.m in Sources */,
			);
			runOnlyForDeploymentPostprocessing = 0;
		};
		EF037CA31BF4BF4300E145C0 /* Sources */ = {
			isa = PBXSourcesBuildPhase;
			buildActionMask = 2147483647;
			files = (
				EF037CAE1BF4BF4300E145C0 /* loginTests.m in Sources */,
			);
			runOnlyForDeploymentPostprocessing = 0;
		};
/* End PBXSourcesBuildPhase section */

/* Begin PBXTargetDependency section */
		EF037CA91BF4BF4300E145C0 /* PBXTargetDependency */ = {
			isa = PBXTargetDependency;
			target = EF037C8D1BF4BF4300E145C0 /* login */;
			targetProxy = EF037CA81BF4BF4300E145C0 /* PBXContainerItemProxy */;
		};
/* End PBXTargetDependency section */

/* Begin XCBuildConfiguration section */
		EF037CAF1BF4BF4300E145C0 /* Debug */ = {
			isa = XCBuildConfiguration;
			buildSettings = {
				ALWAYS_SEARCH_USER_PATHS = NO;
				CLANG_CXX_LANGUAGE_STANDARD = "gnu++0x";
				CLANG_CXX_LIBRARY = "libc++";
				CLANG_ENABLE_MODULES = YES;
				CLANG_ENABLE_OBJC_ARC = YES;
				CLANG_WARN_BOOL_CONVERSION = YES;
				CLANG_WARN_CONSTANT_CONVERSION = YES;
				CLANG_WARN_DIRECT_OBJC_ISA_USAGE = YES_ERROR;
				CLANG_WARN_EMPTY_BODY = YES;
				CLANG_WARN_ENUM_CONVERSION = YES;
				CLANG_WARN_INT_CONVERSION = YES;
				CLANG_WARN_OBJC_ROOT_CLASS = YES_ERROR;
				CLANG_WARN_UNREACHABLE_CODE = YES;
				CLANG_WARN__DUPLICATE_METHOD_MATCH = YES;
				"CODE_SIGN_IDENTITY[sdk=iphoneos*]" = "iPhone Developer";
				COPY_PHASE_STRIP = NO;
				DEBUG_INFORMATION_FORMAT = "dwarf-with-dsym";
				ENABLE_STRICT_OBJC_MSGSEND = YES;
				GCC_C_LANGUAGE_STANDARD = gnu99;
				GCC_DYNAMIC_NO_PIC = NO;
				GCC_NO_COMMON_BLOCKS = YES;
				GCC_OPTIMIZATION_LEVEL = 0;
				GCC_PREPROCESSOR_DEFINITIONS = (
					"DEBUG=1",
					"$(inherited)",
				);
				GCC_SYMBOLS_PRIVATE_EXTERN = NO;
				GCC_WARN_64_TO_32_BIT_CONVERSION = YES;
				GCC_WARN_ABOUT_RETURN_TYPE = YES_ERROR;
				GCC_WARN_UNDECLARED_SELECTOR = YES;
				GCC_WARN_UNINITIALIZED_AUTOS = YES_AGGRESSIVE;
				GCC_WARN_UNUSED_FUNCTION = YES;
				GCC_WARN_UNUSED_VARIABLE = YES;
				IPHONEOS_DEPLOYMENT_TARGET = 8.3;
				MTL_ENABLE_DEBUG_INFO = YES;
				ONLY_ACTIVE_ARCH = YES;
				SDKROOT = iphoneos;
			};
			name = Debug;
		};
		EF037CB01BF4BF4300E145C0 /* Release */ = {
			isa = XCBuildConfiguration;
			buildSettings = {
				ALWAYS_SEARCH_USER_PATHS = NO;
				CLANG_CXX_LANGUAGE_STANDARD = "gnu++0x";
				CLANG_CXX_LIBRARY = "libc++";
				CLANG_ENABLE_MODULES = YES;
				CLANG_ENABLE_OBJC_ARC = YES;
				CLANG_WARN_BOOL_CONVERSION = YES;
				CLANG_WARN_CONSTANT_CONVERSION = YES;
				CLANG_WARN_DIRECT_OBJC_ISA_USAGE = YES_ERROR;
				CLANG_WARN_EMPTY_BODY = YES;
				CLANG_WARN_ENUM_CONVERSION = YES;
				CLANG_WARN_INT_CONVERSION = YES;
				CLANG_WARN_OBJC_ROOT_CLASS = YES_ERROR;
				CLANG_WARN_UNREACHABLE_CODE = YES;
				CLANG_WARN__DUPLICATE_METHOD_MATCH = YES;
				"CODE_SIGN_IDENTITY[sdk=iphoneos*]" = "iPhone Developer";
				COPY_PHASE_STRIP = NO;
				DEBUG_INFORMATION_FORMAT = "dwarf-with-dsym";
				ENABLE_NS_ASSERTIONS = NO;
				ENABLE_STRICT_OBJC_MSGSEND = YES;
				GCC_C_LANGUAGE_STANDARD = gnu99;
				GCC_NO_COMMON_BLOCKS = YES;
				GCC_WARN_64_TO_32_BIT_CONVERSION = YES;
				GCC_WARN_ABOUT_RETURN_TYPE = YES_ERROR;
				GCC_WARN_UNDECLARED_SELECTOR = YES;
				GCC_WARN_UNINITIALIZED_AUTOS = YES_AGGRESSIVE;
				GCC_WARN_UNUSED_FUNCTION = YES;
				GCC_WARN_UNUSED_VARIABLE = YES;
				IPHONEOS_DEPLOYMENT_TARGET = 8.3;
				MTL_ENABLE_DEBUG_INFO = NO;
				SDKROOT = iphoneos;
				VALIDATE_PRODUCT = YES;
			};
			name = Release;
		};
		EF037CB21BF4BF4300E145C0 /* Debug */ = {
			isa = XCBuildConfiguration;
			buildSettings = {
				ASSETCATALOG_COMPILER_APPICON_NAME = AppIcon;
				INFOPLIST_FILE = login/Info.plist;
				LD_RUNPATH_SEARCH_PATHS = "$(inherited) @executable_path/Frameworks";
				PRODUCT_NAME = "$(TARGET_NAME)";
			};
			name = Debug;
		};
		EF037CB31BF4BF4300E145C0 /* Release */ = {
			isa = XCBuildConfiguration;
			buildSettings = {
				ASSETCATALOG_COMPILER_APPICON_NAME = AppIcon;
				INFOPLIST_FILE = login/Info.plist;
				LD_RUNPATH_SEARCH_PATHS = "$(inherited) @executable_path/Frameworks";
				PRODUCT_NAME = "$(TARGET_NAME)";
			};
			name = Release;
		};
		EF037CB51BF4BF4300E145C0 /* Debug */ = {
			isa = XCBuildConfiguration;
			buildSettings = {
				BUNDLE_LOADER = "$(TEST_HOST)";
				FRAMEWORK_SEARCH_PATHS = (
					"$(SDKROOT)/Developer/Library/Frameworks",
					"$(inherited)",
				);
				GCC_PREPROCESSOR_DEFINITIONS = (
					"DEBUG=1",
					"$(inherited)",
				);
				INFOPLIST_FILE = loginTests/Info.plist;
				LD_RUNPATH_SEARCH_PATHS = "$(inherited) @executable_path/Frameworks @loader_path/Frameworks";
				PRODUCT_NAME = "$(TARGET_NAME)";
				TEST_HOST = "$(BUILT_PRODUCTS_DIR)/login.app/login";
			};
			name = Debug;
		};
		EF037CB61BF4BF4300E145C0 /* Release */ = {
			isa = XCBuildConfiguration;
			buildSettings = {
				BUNDLE_LOADER = "$(TEST_HOST)";
				FRAMEWORK_SEARCH_PATHS = (
					"$(SDKROOT)/Developer/Library/Frameworks",
					"$(inherited)",
				);
				INFOPLIST_FILE = loginTests/Info.plist;
				LD_RUNPATH_SEARCH_PATHS = "$(inherited) @executable_path/Frameworks @loader_path/Frameworks";
				PRODUCT_NAME = "$(TARGET_NAME)";
				TEST_HOST = "$(BUILT_PRODUCTS_DIR)/login.app/login";
			};
			name = Release;
		};
/* End XCBuildConfiguration section */

/* Begin XCConfigurationList section */
		EF037C891BF4BF4300E145C0 /* Build configuration list for PBXProject "login" */ = {
			isa = XCConfigurationList;
			buildConfigurations = (
				EF037CAF1BF4BF4300E145C0 /* Debug */,
				EF037CB01BF4BF4300E145C0 /* Release */,
			);
			defaultConfigurationIsVisible = 0;
			defaultConfigurationName = Release;
		};
		EF037CB11BF4BF4300E145C0 /* Build configuration list for PBXNativeTarget "login" */ = {
			isa = XCConfigurationList;
			buildConfigurations = (
				EF037CB21BF4BF4300E145C0 /* Debug */,
				EF037CB31BF4BF4300E145C0 /* Release */,
			);
			defaultConfigurationIsVisible = 0;
			defaultConfigurationName = Release;
		};
		EF037CB41BF4BF4300E145C0 /* Build configuration list for PBXNativeTarget "loginTests" */ = {
			isa = XCConfigurationList;
			buildConfigurations = (
				EF037CB51BF4BF4300E145C0 /* Debug */,
				EF037CB61BF4BF4300E145C0 /* Release */,
			);
			defaultConfigurationIsVisible = 0;
			defaultConfigurationName = Release;
		};
/* End XCConfigurationList section */
	};
	rootObject = EF037C861BF4BF4300E145C0 /* Project object */;
}
